
Microsoft Visual Studio Solution File, Format Version 12.00
# Visual Studio 15
VisualStudioVersion = 15.0.28307.705
MinimumVisualStudioVersion = 10.0.40219.1
Project("{FAE04EC0-301F-11D3-BF4B-00C04F79EFBC}") = "HappyWriter", "HappyWriter\HappyWriter.csproj", "{0108054A-E007-461F-BFC8-640C521CA82B}"
EndProject
Global
	GlobalSection(SolutionConfigurationPlatforms) = preSolution
		Debug|Any CPU = Debug|Any CPU
		Release|Any CPU = Release|Any CPU
	EndGlobalSection
	GlobalSection(ProjectConfigurationPlatforms) = postSolution
		{0108054A-E007-461F-BFC8-640C521CA82B}.Debug|Any CPU.ActiveCfg = Debug|Any CPU
		{0108054A-E007-461F-BFC8-640C521CA82B}.Debug|Any CPU.Build.0 = Debug|Any CPU
		{0108054A-E007-461F-BFC8-640C521CA82B}.Release|Any CPU.ActiveCfg = Release|Any CPU
		{0108054A-E007-461F-BFC8-640C521CA82B}.Release|Any CPU.Build.0 = Release|Any CPU
	EndGlobalSection
	GlobalSection(SolutionProperties) = preSolution
		HideSolutionNode = FALSE
	EndGlobalSection
	GlobalSection(ExtensibilityGlobals) = postSolution
		SolutionGuid = {35EDFF11-1A4C-4826-B1CD-54C89ABEB901}
	EndGlobalSection
EndGlobal
